%{
  "benchee": {:hex, :benchee, "0.99.0", "0efbfc31045ad2f75a48673bd1befa8a6a5855e93b8c3117aed7d7da8de65b71", [:mix], [{:deep_merge, "~> 1.0", [hex: :deep_merge, repo: "hexpm", optional: false]}], "hexpm", "672d8e9436471b7d5b77ca5be3ad69d065553e7ed8c5db29bb3d662378104618"},
  "deep_merge": {:hex, :deep_merge, "1.0.0", "b4aa1a0d1acac393bdf38b2291af38cb1d4a52806cf7a4906f718e1feb5ee961", [:mix], [], "hexpm", "ce708e5f094b9cd4e8f2be4f00d2f4250c4095be93f8cd6d018c753894885430"},
  "makeup": {:hex, :makeup, "1.0.3", "e339e2f766d12e7260e6672dd4047405963c5ec99661abdc432e6ec67d29ef95", [:mix], [{:nimble_parsec, "~> 0.5", [hex: :nimble_parsec, repo: "hexpm", optional: false]}], "hexpm", "2e9b4996d11832947731f7608fed7ad2f9443011b3b479ae288011265cdd3dad"},
  "nimble_parsec": {:hex, :nimble_parsec, "0.6.0", "32111b3bf39137144abd7ba1cce0914533b2d16ef35e8abc5ec8be6122944263", [:mix], [], "hexpm", "27eac315a94909d4dc68bc07a4a83e06c8379237c5ea528a9acff4ca1c873c52"},
}
